
Microsoft Visual Studio Solution File, Format Version 12.00
# Visual Studio Version 17
VisualStudioVersion = 17.2.32630.192
MinimumVisualStudioVersion = 10.0.40219.1
Project("{FAE04EC0-301F-11D3-BF4B-00C04F79EFBC}") = "Tpback1", "Tpback1\Tpback1.csproj", "{8AB1875C-991C-4B0C-AF1F-1364682969E4}"
EndProject
Global
	GlobalSection(SolutionConfigurationPlatforms) = preSolution
		Debug|Any CPU = Debug|Any CPU
		Release|Any CPU = Release|Any CPU
	EndGlobalSection
	GlobalSection(ProjectConfigurationPlatforms) = postSolution
		{8AB1875C-991C-4B0C-AF1F-1364682969E4}.Debug|Any CPU.ActiveCfg = Debug|Any CPU
		{8AB1875C-991C-4B0C-AF1F-1364682969E4}.Debug|Any CPU.Build.0 = Debug|Any CPU
		{8AB1875C-991C-4B0C-AF1F-1364682969E4}.Release|Any CPU.ActiveCfg = Release|Any CPU
		{8AB1875C-991C-4B0C-AF1F-1364682969E4}.Release|Any CPU.Build.0 = Release|Any CPU
	EndGlobalSection
	GlobalSection(SolutionProperties) = preSolution
		HideSolutionNode = FALSE
	EndGlobalSection
	GlobalSection(ExtensibilityGlobals) = postSolution
		SolutionGuid = {F7D5586F-B4A7-4008-8805-0C261CE9324E}
	EndGlobalSection
EndGlobal
